
Microsoft Visual Studio Solution File, Format Version 12.00
# Visual Studio Version 17
VisualStudioVersion = 17.11.35219.272
MinimumVisualStudioVersion = 10.0.40219.1
Project("{FAE04EC0-301F-11D3-BF4B-00C04F79EFBC}") = "MyClasses", "MyClasses.csproj", "{A6CA90CC-C939-4A3A-A715-9C0407EBBEDF}"
EndProject
Global
	GlobalSection(SolutionConfigurationPlatforms) = preSolution
		Debug|Any CPU = Debug|Any CPU
		Release|Any CPU = Release|Any CPU
	EndGlobalSection
	GlobalSection(ProjectConfigurationPlatforms) = postSolution
		{A6CA90CC-C939-4A3A-A715-9C0407EBBEDF}.Debug|Any CPU.ActiveCfg = Debug|Any CPU
		{A6CA90CC-C939-4A3A-A715-9C0407EBBEDF}.Debug|Any CPU.Build.0 = Debug|Any CPU
		{A6CA90CC-C939-4A3A-A715-9C0407EBBEDF}.Release|Any CPU.ActiveCfg = Release|Any CPU
		{A6CA90CC-C939-4A3A-A715-9C0407EBBEDF}.Release|Any CPU.Build.0 = Release|Any CPU
	EndGlobalSection
	GlobalSection(SolutionProperties) = preSolution
		HideSolutionNode = FALSE
	EndGlobalSection
	GlobalSection(ExtensibilityGlobals) = postSolution
		SolutionGuid = {23428474-40CB-45A5-B957-F6F79C2A635E}
	EndGlobalSection
EndGlobal
